// !$*UTF8*$!
{
	archiveVersion = 1;
	classes = {
	};
	objectVersion = 46;
	objects = {

/* Begin PBXBuildFile section */
		A80971CF19A53A5E00E19C31 /* Foundation.framework in Frameworks */ = {isa = PBXBuildFile; fileRef = A80971CE19A53A5E00E19C31 /* Foundation.framework */; };
		A80971D119A53A5E00E19C31 /* CoreGraphics.framework in Frameworks */ = {isa = PBXBuildFile; fileRef = A80971D019A53A5E00E19C31 /* CoreGraphics.framework */; };
		A80971D319A53A5E00E19C31 /* UIKit.framework in Frameworks */ = {isa = PBXBuildFile; fileRef = A80971D219A53A5E00E19C31 /* UIKit.framework */; };
		A80971D919A53A5E00E19C31 /* InfoPlist.strings in Resources */ = {isa = PBXBuildFile; fileRef = A80971D719A53A5E00E19C31 /* InfoPlist.strings */; };
		A80971DB19A53A5E00E19C31 /* main.m in Sources */ = {isa = PBXBuildFile; fileRef = A80971DA19A53A5E00E19C31 /* main.m */; };
		A80971DF19A53A5F00E19C31 /* LOAppDelegate.m in Sources */ = {isa = PBXBuildFile; fileRef = A80971DE19A53A5F00E19C31 /* LOAppDelegate.m */; };
		A80971E219A53A5F00E19C31 /* Main_iPhone.storyboard in Resources */ = {isa = PBXBuildFile; fileRef = A80971E019A53A5F00E19C31 /* Main_iPhone.storyboard */; };
		A80971E519A53A5F00E19C31 /* Main_iPad.storyboard in Resources */ = {isa = PBXBuildFile; fileRef = A80971E319A53A5F00E19C31 /* Main_iPad.storyboard */; };
		A80971E819A53A5F00E19C31 /* LOViewController.m in Sources */ = {isa = PBXBuildFile; fileRef = A80971E719A53A5F00E19C31 /* LOViewController.m */; };
		A80971EA19A53A5F00E19C31 /* Images.xcassets in Resources */ = {isa = PBXBuildFile; fileRef = A80971E919A53A5F00E19C31 /* Images.xcassets */; };
		A80971F119A53A5F00E19C31 /* XCTest.framework in Frameworks */ = {isa = PBXBuildFile; fileRef = A80971F019A53A5F00E19C31 /* XCTest.framework */; };
		A80971F219A53A5F00E19C31 /* Foundation.framework in Frameworks */ = {isa = PBXBuildFile; fileRef = A80971CE19A53A5E00E19C31 /* Foundation.framework */; };
		A80971F319A53A5F00E19C31 /* UIKit.framework in Frameworks */ = {isa = PBXBuildFile; fileRef = A80971D219A53A5E00E19C31 /* UIKit.framework */; };
		A80971FB19A53A5F00E19C31 /* InfoPlist.strings in Resources */ = {isa = PBXBuildFile; fileRef = A80971F919A53A5F00E19C31 /* InfoPlist.strings */; };
		A80971FD19A53A5F00E19C31 /* testeTests.m in Sources */ = {isa = PBXBuildFile; fileRef = A80971FC19A53A5F00E19C31 /* testeTests.m */; };
/* End PBXBuildFile section */

/* Begin PBXContainerItemProxy section */
		A80971F419A53A5F00E19C31 /* PBXContainerItemProxy */ = {
			isa = PBXContainerItemProxy;
			containerPortal = A80971C319A53A5E00E19C31 /* Project object */;
			proxyType = 1;
			remoteGlobalIDString = A80971CA19A53A5E00E19C31;
			remoteInfo = teste;
		};
/* End PBXContainerItemProxy section */

/* Begin PBXFileReference section */
		A80971CB19A53A5E00E19C31 /* teste.app */ = {isa = PBXFileReference; explicitFileType = wrapper.application; includeInIndex = 0; path = teste.app; sourceTree = BUILT_PRODUCTS_DIR; };
		A80971CE19A53A5E00E19C31 /* Foundation.framework */ = {isa = PBXFileReference; lastKnownFileType = wrapper.framework; name = Foundation.framework; path = System/Library/Frameworks/Foundation.framework; sourceTree = SDKROOT; };
		A80971D019A53A5E00E19C31 /* CoreGraphics.framework */ = {isa = PBXFileReference; lastKnownFileType = wrapper.framework; name = CoreGraphics.framework; path = System/Library/Frameworks/CoreGraphics.framework; sourceTree = SDKROOT; };
		A80971D219A53A5E00E19C31 /* UIKit.framework */ = {isa = PBXFileReference; lastKnownFileType = wrapper.framework; name = UIKit.framework; path = System/Library/Frameworks/UIKit.framework; sourceTree = SDKROOT; };
		A80971D619A53A5E00E19C31 /* teste-Info.plist */ = {isa = PBXFileReference; lastKnownFileType = text.plist.xml; path = "teste-Info.plist"; sourceTree = "<group>"; };
		A80971D819A53A5E00E19C31 /* en */ = {isa = PBXFileReference; lastKnownFileType = text.plist.strings; name = en; path = en.lproj/InfoPlist.strings; sourceTree = "<group>"; };
		A80971DA19A53A5E00E19C31 /* main.m */ = {isa = PBXFileReference; lastKnownFileType = sourcecode.c.objc; path = main.m; sourceTree = "<group>"; };
		A80971DC19A53A5E00E19C31 /* teste-Prefix.pch */ = {isa = PBXFileReference; lastKnownFileType = sourcecode.c.h; path = "teste-Prefix.pch"; sourceTree = "<group>"; };
		A80971DD19A53A5F00E19C31 /* LOAppDelegate.h */ = {isa = PBXFileReference; lastKnownFileType = sourcecode.c.h; path = LOAppDelegate.h; sourceTree = "<group>"; };
		A80971DE19A53A5F00E19C31 /* LOAppDelegate.m */ = {isa = PBXFileReference; lastKnownFileType = sourcecode.c.objc; path = LOAppDelegate.m; sourceTree = "<group>"; };
		A80971E119A53A5F00E19C31 /* Base */ = {isa = PBXFileReference; lastKnownFileType = file.storyboard; name = Base; path = Base.lproj/Main_iPhone.storyboard; sourceTree = "<group>"; };
		A80971E419A53A5F00E19C31 /* Base */ = {isa = PBXFileReference; lastKnownFileType = file.storyboard; name = Base; path = Base.lproj/Main_iPad.storyboard; sourceTree = "<group>"; };
		A80971E619A53A5F00E19C31 /* LOViewController.h */ = {isa = PBXFileReference; lastKnownFileType = sourcecode.c.h; path = LOViewController.h; sourceTree = "<group>"; };
		A80971E719A53A5F00E19C31 /* LOViewController.m */ = {isa = PBXFileReference; lastKnownFileType = sourcecode.c.objc; path = LOViewController.m; sourceTree = "<group>"; };
		A80971E919A53A5F00E19C31 /* Images.xcassets */ = {isa = PBXFileReference; lastKnownFileType = folder.assetcatalog; path = Images.xcassets; sourceTree = "<group>"; };
		A80971EF19A53A5F00E19C31 /* testeTests.xctest */ = {isa = PBXFileReference; explicitFileType = wrapper.cfbundle; includeInIndex = 0; path = testeTests.xctest; sourceTree = BUILT_PRODUCTS_DIR; };
		A80971F019A53A5F00E19C31 /* XCTest.framework */ = {isa = PBXFileReference; lastKnownFileType = wrapper.framework; name = XCTest.framework; path = Library/Frameworks/XCTest.framework; sourceTree = DEVELOPER_DIR; };
		A80971F819A53A5F00E19C31 /* testeTests-Info.plist */ = {isa = PBXFileReference; lastKnownFileType = text.plist.xml; path = "testeTests-Info.plist"; sourceTree = "<group>"; };
		A80971FA19A53A5F00E19C31 /* en */ = {isa = PBXFileReference; lastKnownFileType = text.plist.strings; name = en; path = en.lproj/InfoPlist.strings; sourceTree = "<group>"; };
		A80971FC19A53A5F00E19C31 /* testeTests.m */ = {isa = PBXFileReference; lastKnownFileType = sourcecode.c.objc; path = testeTests.m; sourceTree = "<group>"; };
/* End PBXFileReference section */

/* Begin PBXFrameworksBuildPhase section */
		A80971C819A53A5E00E19C31 /* Frameworks */ = {
			isa = PBXFrameworksBuildPhase;
			buildActionMask = 2147483647;
			files = (
				A80971D119A53A5E00E19C31 /* CoreGraphics.framework in Frameworks */,
				A80971D319A53A5E00E19C31 /* UIKit.framework in Frameworks */,
				A80971CF19A53A5E00E19C31 /* Foundation.framework in Frameworks */,
			);
			runOnlyForDeploymentPostprocessing = 0;
		};
		A80971EC19A53A5F00E19C31 /* Frameworks */ = {
			isa = PBXFrameworksBuildPhase;
			buildActionMask = 2147483647;
			files = (
				A80971F119A53A5F00E19C31 /* XCTest.framework in Frameworks */,
				A80971F319A53A5F00E19C31 /* UIKit.framework in Frameworks */,
				A80971F219A53A5F00E19C31 /* Foundation.framework in Frameworks */,
			);
			runOnlyForDeploymentPostprocessing = 0;
		};
/* End PBXFrameworksBuildPhase section */

/* Begin PBXGroup section */
		A80971C219A53A5E00E19C31 = {
			isa = PBXGroup;
			children = (
				A80971D419A53A5E00E19C31 /* teste */,
				A80971F619A53A5F00E19C31 /* testeTests */,
				A80971CD19A53A5E00E19C31 /* Frameworks */,
				A80971CC19A53A5E00E19C31 /* Products */,
			);
			sourceTree = "<group>";
		};
		A80971CC19A53A5E00E19C31 /* Products */ = {
			isa = PBXGroup;
			children = (
				A80971CB19A53A5E00E19C31 /* teste.app */,
				A80971EF19A53A5F00E19C31 /* testeTests.xctest */,
			);
			name = Products;
			sourceTree = "<group>";
		};
		A80971CD19A53A5E00E19C31 /* Frameworks */ = {
			isa = PBXGroup;
			children = (
				A80971CE19A53A5E00E19C31 /* Foundation.framework */,
				A80971D019A53A5E00E19C31 /* CoreGraphics.framework */,
				A80971D219A53A5E00E19C31 /* UIKit.framework */,
				A80971F019A53A5F00E19C31 /* XCTest.framework */,
			);
			name = Frameworks;
			sourceTree = "<group>";
		};
		A80971D419A53A5E00E19C31 /* teste */ = {
			isa = PBXGroup;
			children = (
				A80971DD19A53A5F00E19C31 /* LOAppDelegate.h */,
				A80971DE19A53A5F00E19C31 /* LOAppDelegate.m */,
				A80971E019A53A5F00E19C31 /* Main_iPhone.storyboard */,
				A80971E319A53A5F00E19C31 /* Main_iPad.storyboard */,
				A80971E619A53A5F00E19C31 /* LOViewController.h */,
				A80971E719A53A5F00E19C31 /* LOViewController.m */,
				A80971E919A53A5F00E19C31 /* Images.xcassets */,
				A80971D519A53A5E00E19C31 /* Supporting Files */,
			);
			path = teste;
			sourceTree = "<group>";
		};
		A80971D519A53A5E00E19C31 /* Supporting Files */ = {
			isa = PBXGroup;
			children = (
				A80971D619A53A5E00E19C31 /* teste-Info.plist */,
				A80971D719A53A5E00E19C31 /* InfoPlist.strings */,
				A80971DA19A53A5E00E19C31 /* main.m */,
				A80971DC19A53A5E00E19C31 /* teste-Prefix.pch */,
			);
			name = "Supporting Files";
			sourceTree = "<group>";
		};
		A80971F619A53A5F00E19C31 /* testeTests */ = {
			isa = PBXGroup;
			children = (
				A80971FC19A53A5F00E19C31 /* testeTests.m */,
				A80971F719A53A5F00E19C31 /* Supporting Files */,
			);
			path = testeTests;
			sourceTree = "<group>";
		};
		A80971F719A53A5F00E19C31 /* Supporting Files */ = {
			isa = PBXGroup;
			children = (
				A80971F819A53A5F00E19C31 /* testeTests-Info.plist */,
				A80971F919A53A5F00E19C31 /* InfoPlist.strings */,
			);
			name = "Supporting Files";
			sourceTree = "<group>";
		};
/* End PBXGroup section */

/* Begin PBXNativeTarget section */
		A80971CA19A53A5E00E19C31 /* teste */ = {
			isa = PBXNativeTarget;
			buildConfigurationList = A809720019A53A5F00E19C31 /* Build configuration list for PBXNativeTarget "teste" */;
			buildPhases = (
				A80971C719A53A5E00E19C31 /* Sources */,
				A80971C819A53A5E00E19C31 /* Frameworks */,
				A80971C919A53A5E00E19C31 /* Resources */,
			);
			buildRules = (
			);
			dependencies = (
			);
			name = teste;
			productName = teste;
			productReference = A80971CB19A53A5E00E19C31 /* teste.app */;
			productType = "com.apple.product-type.application";
		};
		A80971EE19A53A5F00E19C31 /* testeTests */ = {
			isa = PBXNativeTarget;
			buildConfigurationList = A809720319A53A5F00E19C31 /* Build configuration list for PBXNativeTarget "testeTests" */;
			buildPhases = (
				A80971EB19A53A5F00E19C31 /* Sources */,
				A80971EC19A53A5F00E19C31 /* Frameworks */,
				A80971ED19A53A5F00E19C31 /* Resources */,
			);
			buildRules = (
			);
			dependencies = (
				A80971F519A53A5F00E19C31 /* PBXTargetDependency */,
			);
			name = testeTests;
			productName = testeTests;
			productReference = A80971EF19A53A5F00E19C31 /* testeTests.xctest */;
			productType = "com.apple.product-type.bundle.unit-test";
		};
/* End PBXNativeTarget section */

/* Begin PBXProject section */
		A80971C319A53A5E00E19C31 /* Project object */ = {
			isa = PBXProject;
			attributes = {
				CLASSPREFIX = LO;
				LastUpgradeCheck = 0510;
				ORGANIZATIONNAME = "Rafael Rodrigues";
				TargetAttributes = {
					A80971EE19A53A5F00E19C31 = {
						TestTargetID = A80971CA19A53A5E00E19C31;
					};
				};
			};
			buildConfigurationList = A80971C619A53A5E00E19C31 /* Build configuration list for PBXProject "teste" */;
			compatibilityVersion = "Xcode 3.2";
			developmentRegion = English;
			hasScannedForEncodings = 0;
			knownRegions = (
				en,
				Base,
			);
			mainGroup = A80971C219A53A5E00E19C31;
			productRefGroup = A80971CC19A53A5E00E19C31 /* Products */;
			projectDirPath = "";
			projectRoot = "";
			targets = (
				A80971CA19A53A5E00E19C31 /* teste */,
				A80971EE19A53A5F00E19C31 /* testeTests */,
			);
		};
/* End PBXProject section */

/* Begin PBXResourcesBuildPhase section */
		A80971C919A53A5E00E19C31 /* Resources */ = {
			isa = PBXResourcesBuildPhase;
			buildActionMask = 2147483647;
			files = (
				A80971E519A53A5F00E19C31 /* Main_iPad.storyboard in Resources */,
				A80971EA19A53A5F00E19C31 /* Images.xcassets in Resources */,
				A80971E219A53A5F00E19C31 /* Main_iPhone.storyboard in Resources */,
				A80971D919A53A5E00E19C31 /* InfoPlist.strings in Resources */,
			);
			runOnlyForDeploymentPostprocessing = 0;
		};
		A80971ED19A53A5F00E19C31 /* Resources */ = {
			isa = PBXResourcesBuildPhase;
			buildActionMask = 2147483647;
			files = (
				A80971FB19A53A5F00E19C31 /* InfoPlist.strings in Resources */,
			);
			runOnlyForDeploymentPostprocessing = 0;
		};
/* End PBXResourcesBuildPhase section */

/* Begin PBXSourcesBuildPhase section */
		A80971C719A53A5E00E19C31 /* Sources */ = {
			isa = PBXSourcesBuildPhase;
			buildActionMask = 2147483647;
			files = (
				A80971DB19A53A5E00E19C31 /* main.m in Sources */,
				A80971DF19A53A5F00E19C31 /* LOAppDelegate.m in Sources */,
				A80971E819A53A5F00E19C31 /* LOViewController.m in Sources */,
			);
			runOnlyForDeploymentPostprocessing = 0;
		};
		A80971EB19A53A5F00E19C31 /* Sources */ = {
			isa = PBXSourcesBuildPhase;
			buildActionMask = 2147483647;
			files = (
				A80971FD19A53A5F00E19C31 /* testeTests.m in Sources */,
			);
			runOnlyForDeploymentPostprocessing = 0;
		};
/* End PBXSourcesBuildPhase section */

/* Begin PBXTargetDependency section */
		A80971F519A53A5F00E19C31 /* PBXTargetDependency */ = {
			isa = PBXTargetDependency;
			target = A80971CA19A53A5E00E19C31 /* teste */;
			targetProxy = A80971F419A53A5F00E19C31 /* PBXContainerItemProxy */;
		};
/* End PBXTargetDependency section */

/* Begin PBXVariantGroup section */
		A80971D719A53A5E00E19C31 /* InfoPlist.strings */ = {
			isa = PBXVariantGroup;
			children = (
				A80971D819A53A5E00E19C31 /* en */,
			);
			name = InfoPlist.strings;
			sourceTree = "<group>";
		};
		A80971E019A53A5F00E19C31 /* Main_iPhone.storyboard */ = {
			isa = PBXVariantGroup;
			children = (
				A80971E119A53A5F00E19C31 /* Base */,
			);
			name = Main_iPhone.storyboard;
			sourceTree = "<group>";
		};
		A80971E319A53A5F00E19C31 /* Main_iPad.storyboard */ = {
			isa = PBXVariantGroup;
			children = (
				A80971E419A53A5F00E19C31 /* Base */,
			);
			name = Main_iPad.storyboard;
			sourceTree = "<group>";
		};
		A80971F919A53A5F00E19C31 /* InfoPlist.strings */ = {
			isa = PBXVariantGroup;
			children = (
				A80971FA19A53A5F00E19C31 /* en */,
			);
			name = InfoPlist.strings;
			sourceTree = "<group>";
		};
/* End PBXVariantGroup section */

/* Begin XCBuildConfiguration section */
		A80971FE19A53A5F00E19C31 /* Debug */ = {
			isa = XCBuildConfiguration;
			buildSettings = {
				ALWAYS_SEARCH_USER_PATHS = NO;
				CLANG_CXX_LANGUAGE_STANDARD = "gnu++0x";
				CLANG_CXX_LIBRARY = "libc++";
				CLANG_ENABLE_MODULES = YES;
				CLANG_ENABLE_OBJC_ARC = YES;
				CLANG_WARN_BOOL_CONVERSION = YES;
				CLANG_WARN_CONSTANT_CONVERSION = YES;
				CLANG_WARN_DIRECT_OBJC_ISA_USAGE = YES_ERROR;
				CLANG_WARN_EMPTY_BODY = YES;
				CLANG_WARN_ENUM_CONVERSION = YES;
				CLANG_WARN_INT_CONVERSION = YES;
				CLANG_WARN_OBJC_ROOT_CLASS = YES_ERROR;
				CLANG_WARN__DUPLICATE_METHOD_MATCH = YES;
				"CODE_SIGN_IDENTITY[sdk=iphoneos*]" = "iPhone Developer";
				COPY_PHASE_STRIP = NO;
				GCC_C_LANGUAGE_STANDARD = gnu99;
				GCC_DYNAMIC_NO_PIC = NO;
				GCC_OPTIMIZATION_LEVEL = 0;
				GCC_PREPROCESSOR_DEFINITIONS = (
					"DEBUG=1",
					"$(inherited)",
				);
				GCC_SYMBOLS_PRIVATE_EXTERN = NO;
				GCC_WARN_64_TO_32_BIT_CONVERSION = YES;
				GCC_WARN_ABOUT_RETURN_TYPE = YES_ERROR;
				GCC_WARN_UNDECLARED_SELECTOR = YES;
				GCC_WARN_UNINITIALIZED_AUTOS = YES_AGGRESSIVE;
				GCC_WARN_UNUSED_FUNCTION = YES;
				GCC_WARN_UNUSED_VARIABLE = YES;
				IPHONEOS_DEPLOYMENT_TARGET = 7.1;
				ONLY_ACTIVE_ARCH = YES;
				SDKROOT = iphoneos;
				TARGETED_DEVICE_FAMILY = "1,2";
			};
			name = Debug;
		};
		A80971FF19A53A5F00E19C31 /* Release */ = {
			isa = XCBuildConfiguration;
			buildSettings = {
				ALWAYS_SEARCH_USER_PATHS = NO;
				CLANG_CXX_LANGUAGE_STANDARD = "gnu++0x";
				CLANG_CXX_LIBRARY = "libc++";
				CLANG_ENABLE_MODULES = YES;
				CLANG_ENABLE_OBJC_ARC = YES;
				CLANG_WARN_BOOL_CONVERSION = YES;
				CLANG_WARN_CONSTANT_CONVERSION = YES;
				CLANG_WARN_DIRECT_OBJC_ISA_USAGE = YES_ERROR;
				CLANG_WARN_EMPTY_BODY = YES;
				CLANG_WARN_ENUM_CONVERSION = YES;
				CLANG_WARN_INT_CONVERSION = YES;
				CLANG_WARN_OBJC_ROOT_CLASS = YES_ERROR;
				CLANG_WARN__DUPLICATE_METHOD_MATCH = YES;
				"CODE_SIGN_IDENTITY[sdk=iphoneos*]" = "iPhone Developer";
				COPY_PHASE_STRIP = YES;
				ENABLE_NS_ASSERTIONS = NO;
				GCC_C_LANGUAGE_STANDARD = gnu99;
				GCC_WARN_64_TO_32_BIT_CONVERSION = YES;
				GCC_WARN_ABOUT_RETURN_TYPE = YES_ERROR;
				GCC_WARN_UNDECLARED_SELECTOR = YES;
				GCC_WARN_UNINITIALIZED_AUTOS = YES_AGGRESSIVE;
				GCC_WARN_UNUSED_FUNCTION = YES;
				GCC_WARN_UNUSED_VARIABLE = YES;
				IPHONEOS_DEPLOYMENT_TARGET = 7.1;
				SDKROOT = iphoneos;
				TARGETED_DEVICE_FAMILY = "1,2";
				VALIDATE_PRODUCT = YES;
			};
			name = Release;
		};
		A809720119A53A5F00E19C31 /* Debug */ = {
			isa = XCBuildConfiguration;
			buildSettings = {
				ASSETCATALOG_COMPILER_APPICON_NAME = AppIcon;
				ASSETCATALOG_COMPILER_LAUNCHIMAGE_NAME = LaunchImage;
				GCC_PRECOMPILE_PREFIX_HEADER = YES;
				GCC_PREFIX_HEADER = "teste/teste-Prefix.pch";
				INFOPLIST_FILE = "teste/teste-Info.plist";
				PRODUCT_NAME = "$(TARGET_NAME)";
				WRAPPER_EXTENSION = app;
			};
			name = Debug;
		};
		A809720219A53A5F00E19C31 /* Release */ = {
			isa = XCBuildConfiguration;
			buildSettings = {
				ASSETCATALOG_COMPILER_APPICON_NAME = AppIcon;
				ASSETCATALOG_COMPILER_LAUNCHIMAGE_NAME = LaunchImage;
				GCC_PRECOMPILE_PREFIX_HEADER = YES;
				GCC_PREFIX_HEADER = "teste/teste-Prefix.pch";
				INFOPLIST_FILE = "teste/teste-Info.plist";
				PRODUCT_NAME = "$(TARGET_NAME)";
				WRAPPER_EXTENSION = app;
			};
			name = Release;
		};
		A809720419A53A5F00E19C31 /* Debug */ = {
			isa = XCBuildConfiguration;
			buildSettings = {
				BUNDLE_LOADER = "$(BUILT_PRODUCTS_DIR)/teste.app/teste";
				FRAMEWORK_SEARCH_PATHS = (
					"$(SDKROOT)/Developer/Library/Frameworks",
					"$(inherited)",
					"$(DEVELOPER_FRAMEWORKS_DIR)",
				);
				GCC_PRECOMPILE_PREFIX_HEADER = YES;
				GCC_PREFIX_HEADER = "teste/teste-Prefix.pch";
				GCC_PREPROCESSOR_DEFINITIONS = (
					"DEBUG=1",
					"$(inherited)",
				);
				INFOPLIST_FILE = "testeTests/testeTests-Info.plist";
				PRODUCT_NAME = "$(TARGET_NAME)";
				TEST_HOST = "$(BUNDLE_LOADER)";
				WRAPPER_EXTENSION = xctest;
			};
			name = Debug;
		};
		A809720519A53A5F00E19C31 /* Release */ = {
			isa = XCBuildConfiguration;
			buildSettings = {
				BUNDLE_LOADER = "$(BUILT_PRODUCTS_DIR)/teste.app/teste";
				FRAMEWORK_SEARCH_PATHS = (
					"$(SDKROOT)/Developer/Library/Frameworks",
					"$(inherited)",
					"$(DEVELOPER_FRAMEWORKS_DIR)",
				);
				GCC_PRECOMPILE_PREFIX_HEADER = YES;
				GCC_PREFIX_HEADER = "teste/teste-Prefix.pch";
				INFOPLIST_FILE = "testeTests/testeTests-Info.plist";
				PRODUCT_NAME = "$(TARGET_NAME)";
				TEST_HOST = "$(BUNDLE_LOADER)";
				WRAPPER_EXTENSION = xctest;
			};
			name = Release;
		};
/* End XCBuildConfiguration section */

/* Begin XCConfigurationList section */
		A80971C619A53A5E00E19C31 /* Build configuration list for PBXProject "teste" */ = {
			isa = XCConfigurationList;
			buildConfigurations = (
				A80971FE19A53A5F00E19C31 /* Debug */,
				A80971FF19A53A5F00E19C31 /* Release */,
			);
			defaultConfigurationIsVisible = 0;
			defaultConfigurationName = Release;
		};
		A809720019A53A5F00E19C31 /* Build configuration list for PBXNativeTarget "teste" */ = {
			isa = XCConfigurationList;
			buildConfigurations = (
				A809720119A53A5F00E19C31 /* Debug */,
				A809720219A53A5F00E19C31 /* Release */,
			);
			defaultConfigurationIsVisible = 0;
		};
		A809720319A53A5F00E19C31 /* Build configuration list for PBXNativeTarget "testeTests" */ = {
			isa = XCConfigurationList;
			buildConfigurations = (
				A809720419A53A5F00E19C31 /* Debug */,
				A809720519A53A5F00E19C31 /* Release */,
			);
			defaultConfigurationIsVisible = 0;
		};
/* End XCConfigurationList section */
	};
	rootObject = A80971C319A53A5E00E19C31 /* Project object */;
}
